// !$*UTF8*$!
{
	archiveVersion = 1;
	classes = {
	};
	objectVersion = 50;
	objects = {

/* Begin PBXBuildFile section */
		BD3694982472A217008237BF /* AppDelegate.swift in Sources */ = {isa = PBXBuildFile; fileRef = BD3694972472A217008237BF /* AppDelegate.swift */; };
		BD36949A2472A217008237BF /* SceneDelegate.swift in Sources */ = {isa = PBXBuildFile; fileRef = BD3694992472A217008237BF /* SceneDelegate.swift */; };
		BD36949F2472A217008237BF /* Main.storyboard in Resources */ = {isa = PBXBuildFile; fileRef = BD36949D2472A217008237BF /* Main.storyboard */; };
		BD3694A12472A21B008237BF /* Assets.xcassets in Resources */ = {isa = PBXBuildFile; fileRef = BD3694A02472A21B008237BF /* Assets.xcassets */; };
		BD3694A42472A21B008237BF /* LaunchScreen.storyboard in Resources */ = {isa = PBXBuildFile; fileRef = BD3694A22472A21B008237BF /* LaunchScreen.storyboard */; };
		BD3694AC2472B02A008237BF /* Animal.swift in Sources */ = {isa = PBXBuildFile; fileRef = BD3694AB2472B02A008237BF /* Animal.swift */; };
		BD3694B22472DCE0008237BF /* ViewController.swift in Sources */ = {isa = PBXBuildFile; fileRef = BD3694B12472DCE0008237BF /* ViewController.swift */; };
		BD6890422475270300E98EAE /* DetailViewController.swift in Sources */ = {isa = PBXBuildFile; fileRef = BD6890412475270300E98EAE /* DetailViewController.swift */; };
/* End PBXBuildFile section */

/* Begin PBXFileReference section */
		BD3694942472A217008237BF /* SPA.app */ = {isa = PBXFileReference; explicitFileType = wrapper.application; includeInIndex = 0; path = SPA.app; sourceTree = BUILT_PRODUCTS_DIR; };
		BD3694972472A217008237BF /* AppDelegate.swift */ = {isa = PBXFileReference; lastKnownFileType = sourcecode.swift; path = AppDelegate.swift; sourceTree = "<group>"; };
		BD3694992472A217008237BF /* SceneDelegate.swift */ = {isa = PBXFileReference; lastKnownFileType = sourcecode.swift; path = SceneDelegate.swift; sourceTree = "<group>"; };
		BD36949E2472A217008237BF /* Base */ = {isa = PBXFileReference; lastKnownFileType = file.storyboard; name = Base; path = Base.lproj/Main.storyboard; sourceTree = "<group>"; };
		BD3694A02472A21B008237BF /* Assets.xcassets */ = {isa = PBXFileReference; lastKnownFileType = folder.assetcatalog; path = Assets.xcassets; sourceTree = "<group>"; };
		BD3694A32472A21B008237BF /* Base */ = {isa = PBXFileReference; lastKnownFileType = file.storyboard; name = Base; path = Base.lproj/LaunchScreen.storyboard; sourceTree = "<group>"; };
		BD3694A52472A21B008237BF /* Info.plist */ = {isa = PBXFileReference; lastKnownFileType = text.plist.xml; path = Info.plist; sourceTree = "<group>"; };
		BD3694AB2472B02A008237BF /* Animal.swift */ = {isa = PBXFileReference; lastKnownFileType = sourcecode.swift; path = Animal.swift; sourceTree = "<group>"; };
		BD3694B12472DCE0008237BF /* ViewController.swift */ = {isa = PBXFileReference; lastKnownFileType = sourcecode.swift; path = ViewController.swift; sourceTree = "<group>"; };
		BD6890412475270300E98EAE /* DetailViewController.swift */ = {isa = PBXFileReference; lastKnownFileType = sourcecode.swift; path = DetailViewController.swift; sourceTree = "<group>"; };
/* End PBXFileReference section */

/* Begin PBXFrameworksBuildPhase section */
		BD3694912472A217008237BF /* Frameworks */ = {
			isa = PBXFrameworksBuildPhase;
			buildActionMask = 2147483647;
			files = (
			);
			runOnlyForDeploymentPostprocessing = 0;
		};
/* End PBXFrameworksBuildPhase section */

/* Begin PBXGroup section */
		BD36948B2472A217008237BF = {
			isa = PBXGroup;
			children = (
				BD3694962472A217008237BF /* SPA */,
				BD3694952472A217008237BF /* Products */,
			);
			sourceTree = "<group>";
		};
		BD3694952472A217008237BF /* Products */ = {
			isa = PBXGroup;
			children = (
				BD3694942472A217008237BF /* SPA.app */,
			);
			name = Products;
			sourceTree = "<group>";
		};
		BD3694962472A217008237BF /* SPA */ = {
			isa = PBXGroup;
			children = (
				BD3694AD2472DAF4008237BF /* model */,
				BD3694AE2472DAFA008237BF /* view */,
				BD3694AF2472DB03008237BF /* controller */,
				BD3694A52472A21B008237BF /* Info.plist */,
				BD3694B02472DB0A008237BF /* supporting files */,
			);
			path = SPA;
			sourceTree = "<group>";
		};
		BD3694AD2472DAF4008237BF /* model */ = {
			isa = PBXGroup;
			children = (
				BD3694AB2472B02A008237BF /* Animal.swift */,
			);
			path = model;
			sourceTree = "<group>";
		};
		BD3694AE2472DAFA008237BF /* view */ = {
			isa = PBXGroup;
			children = (
				BD36949D2472A217008237BF /* Main.storyboard */,
			);
			path = view;
			sourceTree = "<group>";
		};
		BD3694AF2472DB03008237BF /* controller */ = {
			isa = PBXGroup;
			children = (
				BD3694B12472DCE0008237BF /* ViewController.swift */,
				BD6890412475270300E98EAE /* DetailViewController.swift */,
			);
			path = controller;
			sourceTree = "<group>";
		};
		BD3694B02472DB0A008237BF /* supporting files */ = {
			isa = PBXGroup;
			children = (
				BD3694972472A217008237BF /* AppDelegate.swift */,
				BD3694992472A217008237BF /* SceneDelegate.swift */,
				BD3694A02472A21B008237BF /* Assets.xcassets */,
				BD3694A22472A21B008237BF /* LaunchScreen.storyboard */,
			);
			path = "supporting files";
			sourceTree = "<group>";
		};
/* End PBXGroup section */

/* Begin PBXNativeTarget section */
		BD3694932472A217008237BF /* SPA */ = {
			isa = PBXNativeTarget;
			buildConfigurationList = BD3694A82472A21B008237BF /* Build configuration list for PBXNativeTarget "SPA" */;
			buildPhases = (
				BD3694902472A217008237BF /* Sources */,
				BD3694912472A217008237BF /* Frameworks */,
				BD3694922472A217008237BF /* Resources */,
			);
			buildRules = (
			);
			dependencies = (
			);
			name = SPA;
			productName = SPA;
			productReference = BD3694942472A217008237BF /* SPA.app */;
			productType = "com.apple.product-type.application";
		};
/* End PBXNativeTarget section */

/* Begin PBXProject section */
		BD36948C2472A217008237BF /* Project object */ = {
			isa = PBXProject;
			attributes = {
				LastSwiftUpdateCheck = 1140;
				LastUpgradeCheck = 1140;
				ORGANIZATIONNAME = "Caroline Zaini";
				TargetAttributes = {
					BD3694932472A217008237BF = {
						CreatedOnToolsVersion = 11.4.1;
					};
				};
			};
			buildConfigurationList = BD36948F2472A217008237BF /* Build configuration list for PBXProject "SPA" */;
			compatibilityVersion = "Xcode 9.3";
			developmentRegion = en;
			hasScannedForEncodings = 0;
			knownRegions = (
				en,
				Base,
			);
			mainGroup = BD36948B2472A217008237BF;
			productRefGroup = BD3694952472A217008237BF /* Products */;
			projectDirPath = "";
			projectRoot = "";
			targets = (
				BD3694932472A217008237BF /* SPA */,
			);
		};
/* End PBXProject section */

/* Begin PBXResourcesBuildPhase section */
		BD3694922472A217008237BF /* Resources */ = {
			isa = PBXResourcesBuildPhase;
			buildActionMask = 2147483647;
			files = (
				BD3694A42472A21B008237BF /* LaunchScreen.storyboard in Resources */,
				BD3694A12472A21B008237BF /* Assets.xcassets in Resources */,
				BD36949F2472A217008237BF /* Main.storyboard in Resources */,
			);
			runOnlyForDeploymentPostprocessing = 0;
		};
/* End PBXResourcesBuildPhase section */

/* Begin PBXSourcesBuildPhase section */
		BD3694902472A217008237BF /* Sources */ = {
			isa = PBXSourcesBuildPhase;
			buildActionMask = 2147483647;
			files = (
				BD3694AC2472B02A008237BF /* Animal.swift in Sources */,
				BD3694982472A217008237BF /* AppDelegate.swift in Sources */,
				BD6890422475270300E98EAE /* DetailViewController.swift in Sources */,
				BD36949A2472A217008237BF /* SceneDelegate.swift in Sources */,
				BD3694B22472DCE0008237BF /* ViewController.swift in Sources */,
			);
			runOnlyForDeploymentPostprocessing = 0;
		};
/* End PBXSourcesBuildPhase section */

/* Begin PBXVariantGroup section */
		BD36949D2472A217008237BF /* Main.storyboard */ = {
			isa = PBXVariantGroup;
			children = (
				BD36949E2472A217008237BF /* Base */,
			);
			name = Main.storyboard;
			sourceTree = "<group>";
		};
		BD3694A22472A21B008237BF /* LaunchScreen.storyboard */ = {
			isa = PBXVariantGroup;
			children = (
				BD3694A32472A21B008237BF /* Base */,
			);
			name = LaunchScreen.storyboard;
			sourceTree = "<group>";
		};
/* End PBXVariantGroup section */

/* Begin XCBuildConfiguration section */
		BD3694A62472A21B008237BF /* Debug */ = {
			isa = XCBuildConfiguration;
			buildSettings = {
				ALWAYS_SEARCH_USER_PATHS = NO;
				CLANG_ANALYZER_NONNULL = YES;
				CLANG_ANALYZER_NUMBER_OBJECT_CONVERSION = YES_AGGRESSIVE;
				CLANG_CXX_LANGUAGE_STANDARD = "gnu++14";
				CLANG_CXX_LIBRARY = "libc++";
				CLANG_ENABLE_MODULES = YES;
				CLANG_ENABLE_OBJC_ARC = YES;
				CLANG_ENABLE_OBJC_WEAK = YES;
				CLANG_WARN_BLOCK_CAPTURE_AUTORELEASING = YES;
				CLANG_WARN_BOOL_CONVERSION = YES;
				CLANG_WARN_COMMA = YES;
				CLANG_WARN_CONSTANT_CONVERSION = YES;
				CLANG_WARN_DEPRECATED_OBJC_IMPLEMENTATIONS = YES;
				CLANG_WARN_DIRECT_OBJC_ISA_USAGE = YES_ERROR;
				CLANG_WARN_DOCUMENTATION_COMMENTS = YES;
				CLANG_WARN_EMPTY_BODY = YES;
				CLANG_WARN_ENUM_CONVERSION = YES;
				CLANG_WARN_INFINITE_RECURSION = YES;
				CLANG_WARN_INT_CONVERSION = YES;
				CLANG_WARN_NON_LITERAL_NULL_CONVERSION = YES;
				CLANG_WARN_OBJC_IMPLICIT_RETAIN_SELF = YES;
				CLANG_WARN_OBJC_LITERAL_CONVERSION = YES;
				CLANG_WARN_OBJC_ROOT_CLASS = YES_ERROR;
				CLANG_WARN_RANGE_LOOP_ANALYSIS = YES;
				CLANG_WARN_STRICT_PROTOTYPES = YES;
				CLANG_WARN_SUSPICIOUS_MOVE = YES;
				CLANG_WARN_UNGUARDED_AVAILABILITY = YES_AGGRESSIVE;
				CLANG_WARN_UNREACHABLE_CODE = YES;
				CLANG_WARN__DUPLICATE_METHOD_MATCH = YES;
				COPY_PHASE_STRIP = NO;
				DEBUG_INFORMATION_FORMAT = dwarf;
				ENABLE_STRICT_OBJC_MSGSEND = YES;
				ENABLE_TESTABILITY = YES;
				GCC_C_LANGUAGE_STANDARD = gnu11;
				GCC_DYNAMIC_NO_PIC = NO;
				GCC_NO_COMMON_BLOCKS = YES;
				GCC_OPTIMIZATION_LEVEL = 0;
				GCC_PREPROCESSOR_DEFINITIONS = (
					"DEBUG=1",
					"$(inherited)",
				);
				GCC_WARN_64_TO_32_BIT_CONVERSION = YES;
				GCC_WARN_ABOUT_RETURN_TYPE = YES_ERROR;
				GCC_WARN_UNDECLARED_SELECTOR = YES;
				GCC_WARN_UNINITIALIZED_AUTOS = YES_AGGRESSIVE;
				GCC_WARN_UNUSED_FUNCTION = YES;
				GCC_WARN_UNUSED_VARIABLE = YES;
				IPHONEOS_DEPLOYMENT_TARGET = 13.4;
				MTL_ENABLE_DEBUG_INFO = INCLUDE_SOURCE;
				MTL_FAST_MATH = YES;
				ONLY_ACTIVE_ARCH = YES;
				SDKROOT = iphoneos;
				SWIFT_ACTIVE_COMPILATION_CONDITIONS = DEBUG;
				SWIFT_OPTIMIZATION_LEVEL = "-Onone";
			};
			name = Debug;
		};
		BD3694A72472A21B008237BF /* Release */ = {
			isa = XCBuildConfiguration;
			buildSettings = {
				ALWAYS_SEARCH_USER_PATHS = NO;
				CLANG_ANALYZER_NONNULL = YES;
				CLANG_ANALYZER_NUMBER_OBJECT_CONVERSION = YES_AGGRESSIVE;
				CLANG_CXX_LANGUAGE_STANDARD = "gnu++14";
				CLANG_CXX_LIBRARY = "libc++";
				CLANG_ENABLE_MODULES = YES;
				CLANG_ENABLE_OBJC_ARC = YES;
				CLANG_ENABLE_OBJC_WEAK = YES;
				CLANG_WARN_BLOCK_CAPTURE_AUTORELEASING = YES;
				CLANG_WARN_BOOL_CONVERSION = YES;
				CLANG_WARN_COMMA = YES;
				CLANG_WARN_CONSTANT_CONVERSION = YES;
				CLANG_WARN_DEPRECATED_OBJC_IMPLEMENTATIONS = YES;
				CLANG_WARN_DIRECT_OBJC_ISA_USAGE = YES_ERROR;
				CLANG_WARN_DOCUMENTATION_COMMENTS = YES;
				CLANG_WARN_EMPTY_BODY = YES;
				CLANG_WARN_ENUM_CONVERSION = YES;
				CLANG_WARN_INFINITE_RECURSION = YES;
				CLANG_WARN_INT_CONVERSION = YES;
				CLANG_WARN_NON_LITERAL_NULL_CONVERSION = YES;
				CLANG_WARN_OBJC_IMPLICIT_RETAIN_SELF = YES;
				CLANG_WARN_OBJC_LITERAL_CONVERSION = YES;
				CLANG_WARN_OBJC_ROOT_CLASS = YES_ERROR;
				CLANG_WARN_RANGE_LOOP_ANALYSIS = YES;
				CLANG_WARN_STRICT_PROTOTYPES = YES;
				CLANG_WARN_SUSPICIOUS_MOVE = YES;
				CLANG_WARN_UNGUARDED_AVAILABILITY = YES_AGGRESSIVE;
				CLANG_WARN_UNREACHABLE_CODE = YES;
				CLANG_WARN__DUPLICATE_METHOD_MATCH = YES;
				COPY_PHASE_STRIP = NO;
				DEBUG_INFORMATION_FORMAT = "dwarf-with-dsym";
				ENABLE_NS_ASSERTIONS = NO;
				ENABLE_STRICT_OBJC_MSGSEND = YES;
				GCC_C_LANGUAGE_STANDARD = gnu11;
				GCC_NO_COMMON_BLOCKS = YES;
				GCC_WARN_64_TO_32_BIT_CONVERSION = YES;
				GCC_WARN_ABOUT_RETURN_TYPE = YES_ERROR;
				GCC_WARN_UNDECLARED_SELECTOR = YES;
				GCC_WARN_UNINITIALIZED_AUTOS = YES_AGGRESSIVE;
				GCC_WARN_UNUSED_FUNCTION = YES;
				GCC_WARN_UNUSED_VARIABLE = YES;
				IPHONEOS_DEPLOYMENT_TARGET = 13.4;
				MTL_ENABLE_DEBUG_INFO = NO;
				MTL_FAST_MATH = YES;
				SDKROOT = iphoneos;
				SWIFT_COMPILATION_MODE = wholemodule;
				SWIFT_OPTIMIZATION_LEVEL = "-O";
				VALIDATE_PRODUCT = YES;
			};
			name = Release;
		};
		BD3694A92472A21B008237BF /* Debug */ = {
			isa = XCBuildConfiguration;
			buildSettings = {
				ASSETCATALOG_COMPILER_APPICON_NAME = AppIcon;
				CODE_SIGN_STYLE = Automatic;
				INFOPLIST_FILE = SPA/Info.plist;
				LD_RUNPATH_SEARCH_PATHS = (
					"$(inherited)",
					"@executable_path/Frameworks",
				);
				PRODUCT_BUNDLE_IDENTIFIER = fr.carolinezaini.SPA;
				PRODUCT_NAME = "$(TARGET_NAME)";
				SWIFT_VERSION = 5.0;
				TARGETED_DEVICE_FAMILY = "1,2";
			};
			name = Debug;
		};
		BD3694AA2472A21B008237BF /* Release */ = {
			isa = XCBuildConfiguration;
			buildSettings = {
				ASSETCATALOG_COMPILER_APPICON_NAME = AppIcon;
				CODE_SIGN_STYLE = Automatic;
				INFOPLIST_FILE = SPA/Info.plist;
				LD_RUNPATH_SEARCH_PATHS = (
					"$(inherited)",
					"@executable_path/Frameworks",
				);
				PRODUCT_BUNDLE_IDENTIFIER = fr.carolinezaini.SPA;
				PRODUCT_NAME = "$(TARGET_NAME)";
				SWIFT_VERSION = 5.0;
				TARGETED_DEVICE_FAMILY = "1,2";
			};
			name = Release;
		};
/* End XCBuildConfiguration section */

/* Begin XCConfigurationList section */
		BD36948F2472A217008237BF /* Build configuration list for PBXProject "SPA" */ = {
			isa = XCConfigurationList;
			buildConfigurations = (
				BD3694A62472A21B008237BF /* Debug */,
				BD3694A72472A21B008237BF /* Release */,
			);
			defaultConfigurationIsVisible = 0;
			defaultConfigurationName = Release;
		};
		BD3694A82472A21B008237BF /* Build configuration list for PBXNativeTarget "SPA" */ = {
			isa = XCConfigurationList;
			buildConfigurations = (
				BD3694A92472A21B008237BF /* Debug */,
				BD3694AA2472A21B008237BF /* Release */,
			);
			defaultConfigurationIsVisible = 0;
			defaultConfigurationName = Release;
		};
/* End XCConfigurationList section */
	};
	rootObject = BD36948C2472A217008237BF /* Project object */;
}
